// !$*UTF8*$!
{
	archiveVersion = 1;
	classes = {
	};
	objectVersion = 50;
	objects = {

/* Begin PBXBuildFile section */
		31DCA3F5E0CADE67E26C027D /* Ball.swift in Sources */ = {isa = PBXBuildFile; fileRef = 31DCA66AE9A8E7D210303DEF /* Ball.swift */; };
		31DCA590EC0A57686344410D /* OptionalMatrix.swift in Sources */ = {isa = PBXBuildFile; fileRef = 31DCAA06017CE5CE2A92AD50 /* OptionalMatrix.swift */; };
		31DCA728AFCE0FE50C760D6A /* readme.md in Sources */ = {isa = PBXBuildFile; fileRef = 31DCACBDA0261CB8B0D2289C /* readme.md */; };
		31DCA7E86AC18B954FA80FC1 /* LinkedList.swift in Sources */ = {isa = PBXBuildFile; fileRef = 31DCA71F114FE339356FA547 /* LinkedList.swift */; };
		31DCAD663C8E5AAB2DCE6F02 /* BoxedArray.swift in Sources */ = {isa = PBXBuildFile; fileRef = 31DCA176AA9D1BAC390160DE /* BoxedArray.swift */; };
		5D9AF3352507CDC500EEB647 /* AppDelegate.swift in Sources */ = {isa = PBXBuildFile; fileRef = 5D9AF3342507CDC500EEB647 /* AppDelegate.swift */; };
		5D9AF3372507CDC500EEB647 /* GameScene.sks in Resources */ = {isa = PBXBuildFile; fileRef = 5D9AF3362507CDC500EEB647 /* GameScene.sks */; };
		5D9AF33B2507CDC500EEB647 /* GameScene.swift in Sources */ = {isa = PBXBuildFile; fileRef = 5D9AF33A2507CDC500EEB647 /* GameScene.swift */; };
		5D9AF33D2507CDC500EEB647 /* GameViewController.swift in Sources */ = {isa = PBXBuildFile; fileRef = 5D9AF33C2507CDC500EEB647 /* GameViewController.swift */; };
		5D9AF3402507CDC500EEB647 /* Main.storyboard in Resources */ = {isa = PBXBuildFile; fileRef = 5D9AF33E2507CDC500EEB647 /* Main.storyboard */; };
		5D9AF3422507CDC500EEB647 /* Assets.xcassets in Resources */ = {isa = PBXBuildFile; fileRef = 5D9AF3412507CDC500EEB647 /* Assets.xcassets */; };
		5D9AF3452507CDC500EEB647 /* LaunchScreen.storyboard in Resources */ = {isa = PBXBuildFile; fileRef = 5D9AF3432507CDC500EEB647 /* LaunchScreen.storyboard */; };
		5D9AF3502507CDC500EEB647 /* SameGameTests.swift in Sources */ = {isa = PBXBuildFile; fileRef = 5D9AF34F2507CDC500EEB647 /* SameGameTests.swift */; };
		5D9AF35B2507CDC500EEB647 /* SameGameUITests.swift in Sources */ = {isa = PBXBuildFile; fileRef = 5D9AF35A2507CDC500EEB647 /* SameGameUITests.swift */; };
/* End PBXBuildFile section */

/* Begin PBXContainerItemProxy section */
		5D9AF34C2507CDC500EEB647 /* PBXContainerItemProxy */ = {
			isa = PBXContainerItemProxy;
			containerPortal = 5D9AF3292507CDC500EEB647 /* Project object */;
			proxyType = 1;
			remoteGlobalIDString = 5D9AF3302507CDC500EEB647;
			remoteInfo = SameGame;
		};
		5D9AF3572507CDC500EEB647 /* PBXContainerItemProxy */ = {
			isa = PBXContainerItemProxy;
			containerPortal = 5D9AF3292507CDC500EEB647 /* Project object */;
			proxyType = 1;
			remoteGlobalIDString = 5D9AF3302507CDC500EEB647;
			remoteInfo = SameGame;
		};
/* End PBXContainerItemProxy section */

/* Begin PBXFileReference section */
		31DCA176AA9D1BAC390160DE /* BoxedArray.swift */ = {isa = PBXFileReference; fileEncoding = 4; lastKnownFileType = sourcecode.swift; path = BoxedArray.swift; sourceTree = "<group>"; };
		31DCA66AE9A8E7D210303DEF /* Ball.swift */ = {isa = PBXFileReference; fileEncoding = 4; lastKnownFileType = sourcecode.swift; path = Ball.swift; sourceTree = "<group>"; };
		31DCA71F114FE339356FA547 /* LinkedList.swift */ = {isa = PBXFileReference; fileEncoding = 4; lastKnownFileType = sourcecode.swift; path = LinkedList.swift; sourceTree = "<group>"; };
		31DCAA06017CE5CE2A92AD50 /* OptionalMatrix.swift */ = {isa = PBXFileReference; fileEncoding = 4; lastKnownFileType = sourcecode.swift; path = OptionalMatrix.swift; sourceTree = "<group>"; };
		31DCACBDA0261CB8B0D2289C /* readme.md */ = {isa = PBXFileReference; fileEncoding = 4; lastKnownFileType = net.daringfireball.markdown; path = readme.md; sourceTree = "<group>"; };
		5D9AF3312507CDC500EEB647 /* SameGame.app */ = {isa = PBXFileReference; explicitFileType = wrapper.application; includeInIndex = 0; path = SameGame.app; sourceTree = BUILT_PRODUCTS_DIR; };
		5D9AF3342507CDC500EEB647 /* AppDelegate.swift */ = {isa = PBXFileReference; lastKnownFileType = sourcecode.swift; path = AppDelegate.swift; sourceTree = "<group>"; };
		5D9AF3362507CDC500EEB647 /* GameScene.sks */ = {isa = PBXFileReference; lastKnownFileType = file.sks; path = GameScene.sks; sourceTree = "<group>"; };
		5D9AF33A2507CDC500EEB647 /* GameScene.swift */ = {isa = PBXFileReference; lastKnownFileType = sourcecode.swift; path = GameScene.swift; sourceTree = "<group>"; };
		5D9AF33C2507CDC500EEB647 /* GameViewController.swift */ = {isa = PBXFileReference; lastKnownFileType = sourcecode.swift; path = GameViewController.swift; sourceTree = "<group>"; };
		5D9AF33F2507CDC500EEB647 /* Base */ = {isa = PBXFileReference; lastKnownFileType = file.storyboard; name = Base; path = Base.lproj/Main.storyboard; sourceTree = "<group>"; };
		5D9AF3412507CDC500EEB647 /* Assets.xcassets */ = {isa = PBXFileReference; lastKnownFileType = folder.assetcatalog; path = Assets.xcassets; sourceTree = "<group>"; };
		5D9AF3442507CDC500EEB647 /* Base */ = {isa = PBXFileReference; lastKnownFileType = file.storyboard; name = Base; path = Base.lproj/LaunchScreen.storyboard; sourceTree = "<group>"; };
		5D9AF3462507CDC500EEB647 /* Info.plist */ = {isa = PBXFileReference; lastKnownFileType = text.plist.xml; path = Info.plist; sourceTree = "<group>"; };
		5D9AF34B2507CDC500EEB647 /* SameGameTests.xctest */ = {isa = PBXFileReference; explicitFileType = wrapper.cfbundle; includeInIndex = 0; path = SameGameTests.xctest; sourceTree = BUILT_PRODUCTS_DIR; };
		5D9AF34F2507CDC500EEB647 /* SameGameTests.swift */ = {isa = PBXFileReference; lastKnownFileType = sourcecode.swift; path = SameGameTests.swift; sourceTree = "<group>"; };
		5D9AF3512507CDC500EEB647 /* Info.plist */ = {isa = PBXFileReference; lastKnownFileType = text.plist.xml; path = Info.plist; sourceTree = "<group>"; };
		5D9AF3562507CDC500EEB647 /* SameGameUITests.xctest */ = {isa = PBXFileReference; explicitFileType = wrapper.cfbundle; includeInIndex = 0; path = SameGameUITests.xctest; sourceTree = BUILT_PRODUCTS_DIR; };
		5D9AF35A2507CDC500EEB647 /* SameGameUITests.swift */ = {isa = PBXFileReference; lastKnownFileType = sourcecode.swift; path = SameGameUITests.swift; sourceTree = "<group>"; };
		5D9AF35C2507CDC500EEB647 /* Info.plist */ = {isa = PBXFileReference; lastKnownFileType = text.plist.xml; path = Info.plist; sourceTree = "<group>"; };
		5D9AF3682507CDE200EEB647 /* SameGame.entitlements */ = {isa = PBXFileReference; lastKnownFileType = text.plist.entitlements; path = SameGame.entitlements; sourceTree = "<group>"; };
/* End PBXFileReference section */

/* Begin PBXFrameworksBuildPhase section */
		5D9AF32E2507CDC500EEB647 /* Frameworks */ = {
			isa = PBXFrameworksBuildPhase;
			buildActionMask = 2147483647;
			files = (
			);
			runOnlyForDeploymentPostprocessing = 0;
		};
		5D9AF3482507CDC500EEB647 /* Frameworks */ = {
			isa = PBXFrameworksBuildPhase;
			buildActionMask = 2147483647;
			files = (
			);
			runOnlyForDeploymentPostprocessing = 0;
		};
		5D9AF3532507CDC500EEB647 /* Frameworks */ = {
			isa = PBXFrameworksBuildPhase;
			buildActionMask = 2147483647;
			files = (
			);
			runOnlyForDeploymentPostprocessing = 0;
		};
/* End PBXFrameworksBuildPhase section */

/* Begin PBXGroup section */
		5D9AF3282507CDC500EEB647 = {
			isa = PBXGroup;
			children = (
				5D9AF3332507CDC500EEB647 /* SameGame */,
				5D9AF34E2507CDC500EEB647 /* SameGameTests */,
				5D9AF3592507CDC500EEB647 /* SameGameUITests */,
				5D9AF3322507CDC500EEB647 /* Products */,
				31DCACBDA0261CB8B0D2289C /* readme.md */,
			);
			sourceTree = "<group>";
		};
		5D9AF3322507CDC500EEB647 /* Products */ = {
			isa = PBXGroup;
			children = (
				5D9AF3312507CDC500EEB647 /* SameGame.app */,
				5D9AF34B2507CDC500EEB647 /* SameGameTests.xctest */,
				5D9AF3562507CDC500EEB647 /* SameGameUITests.xctest */,
			);
			name = Products;
			sourceTree = "<group>";
		};
		5D9AF3332507CDC500EEB647 /* SameGame */ = {
			isa = PBXGroup;
			children = (
				5D9AF3682507CDE200EEB647 /* SameGame.entitlements */,
				5D9AF3342507CDC500EEB647 /* AppDelegate.swift */,
				5D9AF3362507CDC500EEB647 /* GameScene.sks */,
				5D9AF33A2507CDC500EEB647 /* GameScene.swift */,
				5D9AF33C2507CDC500EEB647 /* GameViewController.swift */,
				5D9AF33E2507CDC500EEB647 /* Main.storyboard */,
				5D9AF3412507CDC500EEB647 /* Assets.xcassets */,
				5D9AF3432507CDC500EEB647 /* LaunchScreen.storyboard */,
				5D9AF3462507CDC500EEB647 /* Info.plist */,
				31DCA66AE9A8E7D210303DEF /* Ball.swift */,
				31DCA71F114FE339356FA547 /* LinkedList.swift */,
				31DCA176AA9D1BAC390160DE /* BoxedArray.swift */,
				31DCAA06017CE5CE2A92AD50 /* OptionalMatrix.swift */,
			);
			path = SameGame;
			sourceTree = "<group>";
		};
		5D9AF34E2507CDC500EEB647 /* SameGameTests */ = {
			isa = PBXGroup;
			children = (
				5D9AF34F2507CDC500EEB647 /* SameGameTests.swift */,
				5D9AF3512507CDC500EEB647 /* Info.plist */,
			);
			path = SameGameTests;
			sourceTree = "<group>";
		};
		5D9AF3592507CDC500EEB647 /* SameGameUITests */ = {
			isa = PBXGroup;
			children = (
				5D9AF35A2507CDC500EEB647 /* SameGameUITests.swift */,
				5D9AF35C2507CDC500EEB647 /* Info.plist */,
			);
			path = SameGameUITests;
			sourceTree = "<group>";
		};
/* End PBXGroup section */

/* Begin PBXNativeTarget section */
		5D9AF3302507CDC500EEB647 /* SameGame */ = {
			isa = PBXNativeTarget;
			buildConfigurationList = 5D9AF35F2507CDC500EEB647 /* Build configuration list for PBXNativeTarget "SameGame" */;
			buildPhases = (
				5D9AF32D2507CDC500EEB647 /* Sources */,
				5D9AF32E2507CDC500EEB647 /* Frameworks */,
				5D9AF32F2507CDC500EEB647 /* Resources */,
			);
			buildRules = (
			);
			dependencies = (
			);
			name = SameGame;
			productName = SameGame;
			productReference = 5D9AF3312507CDC500EEB647 /* SameGame.app */;
			productType = "com.apple.product-type.application";
		};
		5D9AF34A2507CDC500EEB647 /* SameGameTests */ = {
			isa = PBXNativeTarget;
			buildConfigurationList = 5D9AF3622507CDC500EEB647 /* Build configuration list for PBXNativeTarget "SameGameTests" */;
			buildPhases = (
				5D9AF3472507CDC500EEB647 /* Sources */,
				5D9AF3482507CDC500EEB647 /* Frameworks */,
				5D9AF3492507CDC500EEB647 /* Resources */,
			);
			buildRules = (
			);
			dependencies = (
				5D9AF34D2507CDC500EEB647 /* PBXTargetDependency */,
			);
			name = SameGameTests;
			productName = SameGameTests;
			productReference = 5D9AF34B2507CDC500EEB647 /* SameGameTests.xctest */;
			productType = "com.apple.product-type.bundle.unit-test";
		};
		5D9AF3552507CDC500EEB647 /* SameGameUITests */ = {
			isa = PBXNativeTarget;
			buildConfigurationList = 5D9AF3652507CDC500EEB647 /* Build configuration list for PBXNativeTarget "SameGameUITests" */;
			buildPhases = (
				5D9AF3522507CDC500EEB647 /* Sources */,
				5D9AF3532507CDC500EEB647 /* Frameworks */,
				5D9AF3542507CDC500EEB647 /* Resources */,
			);
			buildRules = (
			);
			dependencies = (
				5D9AF3582507CDC500EEB647 /* PBXTargetDependency */,
			);
			name = SameGameUITests;
			productName = SameGameUITests;
			productReference = 5D9AF3562507CDC500EEB647 /* SameGameUITests.xctest */;
			productType = "com.apple.product-type.bundle.ui-testing";
		};
/* End PBXNativeTarget section */

/* Begin PBXProject section */
		5D9AF3292507CDC500EEB647 /* Project object */ = {
			isa = PBXProject;
			attributes = {
				LastSwiftUpdateCheck = 1170;
				LastUpgradeCheck = 1170;
				ORGANIZATIONNAME = "Joel Burton";
				TargetAttributes = {
					5D9AF3302507CDC500EEB647 = {
						CreatedOnToolsVersion = 11.7;
					};
					5D9AF34A2507CDC500EEB647 = {
						CreatedOnToolsVersion = 11.7;
						TestTargetID = 5D9AF3302507CDC500EEB647;
					};
					5D9AF3552507CDC500EEB647 = {
						CreatedOnToolsVersion = 11.7;
						TestTargetID = 5D9AF3302507CDC500EEB647;
					};
				};
			};
			buildConfigurationList = 5D9AF32C2507CDC500EEB647 /* Build configuration list for PBXProject "SameGame" */;
			compatibilityVersion = "Xcode 9.3";
			developmentRegion = en;
			hasScannedForEncodings = 0;
			knownRegions = (
				en,
				Base,
			);
			mainGroup = 5D9AF3282507CDC500EEB647;
			productRefGroup = 5D9AF3322507CDC500EEB647 /* Products */;
			projectDirPath = "";
			projectRoot = "";
			targets = (
				5D9AF3302507CDC500EEB647 /* SameGame */,
				5D9AF34A2507CDC500EEB647 /* SameGameTests */,
				5D9AF3552507CDC500EEB647 /* SameGameUITests */,
			);
		};
/* End PBXProject section */

/* Begin PBXResourcesBuildPhase section */
		5D9AF32F2507CDC500EEB647 /* Resources */ = {
			isa = PBXResourcesBuildPhase;
			buildActionMask = 2147483647;
			files = (
				5D9AF3402507CDC500EEB647 /* Main.storyboard in Resources */,
				5D9AF3372507CDC500EEB647 /* GameScene.sks in Resources */,
				5D9AF3422507CDC500EEB647 /* Assets.xcassets in Resources */,
				5D9AF3452507CDC500EEB647 /* LaunchScreen.storyboard in Resources */,
			);
			runOnlyForDeploymentPostprocessing = 0;
		};
		5D9AF3492507CDC500EEB647 /* Resources */ = {
			isa = PBXResourcesBuildPhase;
			buildActionMask = 2147483647;
			files = (
			);
			runOnlyForDeploymentPostprocessing = 0;
		};
		5D9AF3542507CDC500EEB647 /* Resources */ = {
			isa = PBXResourcesBuildPhase;
			buildActionMask = 2147483647;
			files = (
			);
			runOnlyForDeploymentPostprocessing = 0;
		};
/* End PBXResourcesBuildPhase section */

/* Begin PBXSourcesBuildPhase section */
		5D9AF32D2507CDC500EEB647 /* Sources */ = {
			isa = PBXSourcesBuildPhase;
			buildActionMask = 2147483647;
			files = (
				5D9AF33B2507CDC500EEB647 /* GameScene.swift in Sources */,
				5D9AF33D2507CDC500EEB647 /* GameViewController.swift in Sources */,
				5D9AF3352507CDC500EEB647 /* AppDelegate.swift in Sources */,
				31DCA3F5E0CADE67E26C027D /* Ball.swift in Sources */,
				31DCA728AFCE0FE50C760D6A /* readme.md in Sources */,
				31DCA7E86AC18B954FA80FC1 /* LinkedList.swift in Sources */,
				31DCAD663C8E5AAB2DCE6F02 /* BoxedArray.swift in Sources */,
				31DCA590EC0A57686344410D /* OptionalMatrix.swift in Sources */,
			);
			runOnlyForDeploymentPostprocessing = 0;
		};
		5D9AF3472507CDC500EEB647 /* Sources */ = {
			isa = PBXSourcesBuildPhase;
			buildActionMask = 2147483647;
			files = (
				5D9AF3502507CDC500EEB647 /* SameGameTests.swift in Sources */,
			);
			runOnlyForDeploymentPostprocessing = 0;
		};
		5D9AF3522507CDC500EEB647 /* Sources */ = {
			isa = PBXSourcesBuildPhase;
			buildActionMask = 2147483647;
			files = (
				5D9AF35B2507CDC500EEB647 /* SameGameUITests.swift in Sources */,
			);
			runOnlyForDeploymentPostprocessing = 0;
		};
/* End PBXSourcesBuildPhase section */

/* Begin PBXTargetDependency section */
		5D9AF34D2507CDC500EEB647 /* PBXTargetDependency */ = {
			isa = PBXTargetDependency;
			target = 5D9AF3302507CDC500EEB647 /* SameGame */;
			targetProxy = 5D9AF34C2507CDC500EEB647 /* PBXContainerItemProxy */;
		};
		5D9AF3582507CDC500EEB647 /* PBXTargetDependency */ = {
			isa = PBXTargetDependency;
			target = 5D9AF3302507CDC500EEB647 /* SameGame */;
			targetProxy = 5D9AF3572507CDC500EEB647 /* PBXContainerItemProxy */;
		};
/* End PBXTargetDependency section */

/* Begin PBXVariantGroup section */
		5D9AF33E2507CDC500EEB647 /* Main.storyboard */ = {
			isa = PBXVariantGroup;
			children = (
				5D9AF33F2507CDC500EEB647 /* Base */,
			);
			name = Main.storyboard;
			sourceTree = "<group>";
		};
		5D9AF3432507CDC500EEB647 /* LaunchScreen.storyboard */ = {
			isa = PBXVariantGroup;
			children = (
				5D9AF3442507CDC500EEB647 /* Base */,
			);
			name = LaunchScreen.storyboard;
			sourceTree = "<group>";
		};
/* End PBXVariantGroup section */

/* Begin XCBuildConfiguration section */
		5D9AF35D2507CDC500EEB647 /* Debug */ = {
			isa = XCBuildConfiguration;
			buildSettings = {
				ALWAYS_SEARCH_USER_PATHS = NO;
				CLANG_ANALYZER_NONNULL = YES;
				CLANG_ANALYZER_NUMBER_OBJECT_CONVERSION = YES_AGGRESSIVE;
				CLANG_CXX_LANGUAGE_STANDARD = "gnu++14";
				CLANG_CXX_LIBRARY = "libc++";
				CLANG_ENABLE_MODULES = YES;
				CLANG_ENABLE_OBJC_ARC = YES;
				CLANG_ENABLE_OBJC_WEAK = YES;
				CLANG_WARN_BLOCK_CAPTURE_AUTORELEASING = YES;
				CLANG_WARN_BOOL_CONVERSION = YES;
				CLANG_WARN_COMMA = YES;
				CLANG_WARN_CONSTANT_CONVERSION = YES;
				CLANG_WARN_DEPRECATED_OBJC_IMPLEMENTATIONS = YES;
				CLANG_WARN_DIRECT_OBJC_ISA_USAGE = YES_ERROR;
				CLANG_WARN_DOCUMENTATION_COMMENTS = YES;
				CLANG_WARN_EMPTY_BODY = YES;
				CLANG_WARN_ENUM_CONVERSION = YES;
				CLANG_WARN_INFINITE_RECURSION = YES;
				CLANG_WARN_INT_CONVERSION = YES;
				CLANG_WARN_NON_LITERAL_NULL_CONVERSION = YES;
				CLANG_WARN_OBJC_IMPLICIT_RETAIN_SELF = YES;
				CLANG_WARN_OBJC_LITERAL_CONVERSION = YES;
				CLANG_WARN_OBJC_ROOT_CLASS = YES_ERROR;
				CLANG_WARN_RANGE_LOOP_ANALYSIS = YES;
				CLANG_WARN_STRICT_PROTOTYPES = YES;
				CLANG_WARN_SUSPICIOUS_MOVE = YES;
				CLANG_WARN_UNGUARDED_AVAILABILITY = YES_AGGRESSIVE;
				CLANG_WARN_UNREACHABLE_CODE = YES;
				CLANG_WARN__DUPLICATE_METHOD_MATCH = YES;
				COPY_PHASE_STRIP = NO;
				DEBUG_INFORMATION_FORMAT = dwarf;
				ENABLE_STRICT_OBJC_MSGSEND = YES;
				ENABLE_TESTABILITY = YES;
				GCC_C_LANGUAGE_STANDARD = gnu11;
				GCC_DYNAMIC_NO_PIC = NO;
				GCC_NO_COMMON_BLOCKS = YES;
				GCC_OPTIMIZATION_LEVEL = 0;
				GCC_PREPROCESSOR_DEFINITIONS = (
					"DEBUG=1",
					"$(inherited)",
				);
				GCC_WARN_64_TO_32_BIT_CONVERSION = YES;
				GCC_WARN_ABOUT_RETURN_TYPE = YES_ERROR;
				GCC_WARN_UNDECLARED_SELECTOR = YES;
				GCC_WARN_UNINITIALIZED_AUTOS = YES_AGGRESSIVE;
				GCC_WARN_UNUSED_FUNCTION = YES;
				GCC_WARN_UNUSED_VARIABLE = YES;
				IPHONEOS_DEPLOYMENT_TARGET = 13.7;
				MTL_ENABLE_DEBUG_INFO = INCLUDE_SOURCE;
				MTL_FAST_MATH = YES;
				ONLY_ACTIVE_ARCH = YES;
				SDKROOT = iphoneos;
				SWIFT_ACTIVE_COMPILATION_CONDITIONS = DEBUG;
				SWIFT_OPTIMIZATION_LEVEL = "-Onone";
			};
			name = Debug;
		};
		5D9AF35E2507CDC500EEB647 /* Release */ = {
			isa = XCBuildConfiguration;
			buildSettings = {
				ALWAYS_SEARCH_USER_PATHS = NO;
				CLANG_ANALYZER_NONNULL = YES;
				CLANG_ANALYZER_NUMBER_OBJECT_CONVERSION = YES_AGGRESSIVE;
				CLANG_CXX_LANGUAGE_STANDARD = "gnu++14";
				CLANG_CXX_LIBRARY = "libc++";
				CLANG_ENABLE_MODULES = YES;
				CLANG_ENABLE_OBJC_ARC = YES;
				CLANG_ENABLE_OBJC_WEAK = YES;
				CLANG_WARN_BLOCK_CAPTURE_AUTORELEASING = YES;
				CLANG_WARN_BOOL_CONVERSION = YES;
				CLANG_WARN_COMMA = YES;
				CLANG_WARN_CONSTANT_CONVERSION = YES;
				CLANG_WARN_DEPRECATED_OBJC_IMPLEMENTATIONS = YES;
				CLANG_WARN_DIRECT_OBJC_ISA_USAGE = YES_ERROR;
				CLANG_WARN_DOCUMENTATION_COMMENTS = YES;
				CLANG_WARN_EMPTY_BODY = YES;
				CLANG_WARN_ENUM_CONVERSION = YES;
				CLANG_WARN_INFINITE_RECURSION = YES;
				CLANG_WARN_INT_CONVERSION = YES;
				CLANG_WARN_NON_LITERAL_NULL_CONVERSION = YES;
				CLANG_WARN_OBJC_IMPLICIT_RETAIN_SELF = YES;
				CLANG_WARN_OBJC_LITERAL_CONVERSION = YES;
				CLANG_WARN_OBJC_ROOT_CLASS = YES_ERROR;
				CLANG_WARN_RANGE_LOOP_ANALYSIS = YES;
				CLANG_WARN_STRICT_PROTOTYPES = YES;
				CLANG_WARN_SUSPICIOUS_MOVE = YES;
				CLANG_WARN_UNGUARDED_AVAILABILITY = YES_AGGRESSIVE;
				CLANG_WARN_UNREACHABLE_CODE = YES;
				CLANG_WARN__DUPLICATE_METHOD_MATCH = YES;
				COPY_PHASE_STRIP = NO;
				DEBUG_INFORMATION_FORMAT = "dwarf-with-dsym";
				ENABLE_NS_ASSERTIONS = NO;
				ENABLE_STRICT_OBJC_MSGSEND = YES;
				GCC_C_LANGUAGE_STANDARD = gnu11;
				GCC_NO_COMMON_BLOCKS = YES;
				GCC_WARN_64_TO_32_BIT_CONVERSION = YES;
				GCC_WARN_ABOUT_RETURN_TYPE = YES_ERROR;
				GCC_WARN_UNDECLARED_SELECTOR = YES;
				GCC_WARN_UNINITIALIZED_AUTOS = YES_AGGRESSIVE;
				GCC_WARN_UNUSED_FUNCTION = YES;
				GCC_WARN_UNUSED_VARIABLE = YES;
				IPHONEOS_DEPLOYMENT_TARGET = 13.7;
				MTL_ENABLE_DEBUG_INFO = NO;
				MTL_FAST_MATH = YES;
				SDKROOT = iphoneos;
				SWIFT_COMPILATION_MODE = wholemodule;
				SWIFT_OPTIMIZATION_LEVEL = "-O";
				VALIDATE_PRODUCT = YES;
			};
			name = Release;
		};
		5D9AF3602507CDC500EEB647 /* Debug */ = {
			isa = XCBuildConfiguration;
			buildSettings = {
				ASSETCATALOG_COMPILER_APPICON_NAME = AppIcon;
				CODE_SIGN_ENTITLEMENTS = SameGame/SameGame.entitlements;
				CODE_SIGN_STYLE = Automatic;
				DEVELOPMENT_TEAM = F2M6W4UD5G;
				INFOPLIST_FILE = SameGame/Info.plist;
				LD_RUNPATH_SEARCH_PATHS = (
					"$(inherited)",
					"@executable_path/Frameworks",
				);
				PRODUCT_BUNDLE_IDENTIFIER = com.joelburton.SameGame;
				PRODUCT_NAME = "$(TARGET_NAME)";
				SUPPORTS_MACCATALYST = YES;
				SWIFT_VERSION = 5.0;
				TARGETED_DEVICE_FAMILY = 2;
			};
			name = Debug;
		};
		5D9AF3612507CDC500EEB647 /* Release */ = {
			isa = XCBuildConfiguration;
			buildSettings = {
				ASSETCATALOG_COMPILER_APPICON_NAME = AppIcon;
				CODE_SIGN_ENTITLEMENTS = SameGame/SameGame.entitlements;
				CODE_SIGN_STYLE = Automatic;
				DEVELOPMENT_TEAM = F2M6W4UD5G;
				INFOPLIST_FILE = SameGame/Info.plist;
				LD_RUNPATH_SEARCH_PATHS = (
					"$(inherited)",
					"@executable_path/Frameworks",
				);
				PRODUCT_BUNDLE_IDENTIFIER = com.joelburton.SameGame;
				PRODUCT_NAME = "$(TARGET_NAME)";
				SUPPORTS_MACCATALYST = YES;
				SWIFT_VERSION = 5.0;
				TARGETED_DEVICE_FAMILY = 2;
			};
			name = Release;
		};
		5D9AF3632507CDC500EEB647 /* Debug */ = {
			isa = XCBuildConfiguration;
			buildSettings = {
				ALWAYS_EMBED_SWIFT_STANDARD_LIBRARIES = YES;
				BUNDLE_LOADER = "$(TEST_HOST)";
				CODE_SIGN_STYLE = Automatic;
				DEVELOPMENT_TEAM = F2M6W4UD5G;
				INFOPLIST_FILE = SameGameTests/Info.plist;
				IPHONEOS_DEPLOYMENT_TARGET = 13.7;
				LD_RUNPATH_SEARCH_PATHS = (
					"$(inherited)",
					"@executable_path/Frameworks",
					"@loader_path/Frameworks",
				);
				PRODUCT_BUNDLE_IDENTIFIER = com.joelburton.SameGameTests;
				PRODUCT_NAME = "$(TARGET_NAME)";
				SWIFT_VERSION = 5.0;
				TARGETED_DEVICE_FAMILY = "1,2";
				TEST_HOST = "$(BUILT_PRODUCTS_DIR)/SameGame.app/SameGame";
			};
			name = Debug;
		};
		5D9AF3642507CDC500EEB647 /* Release */ = {
			isa = XCBuildConfiguration;
			buildSettings = {
				ALWAYS_EMBED_SWIFT_STANDARD_LIBRARIES = YES;
				BUNDLE_LOADER = "$(TEST_HOST)";
				CODE_SIGN_STYLE = Automatic;
				DEVELOPMENT_TEAM = F2M6W4UD5G;
				INFOPLIST_FILE = SameGameTests/Info.plist;
				IPHONEOS_DEPLOYMENT_TARGET = 13.7;
				LD_RUNPATH_SEARCH_PATHS = (
					"$(inherited)",
					"@executable_path/Frameworks",
					"@loader_path/Frameworks",
				);
				PRODUCT_BUNDLE_IDENTIFIER = com.joelburton.SameGameTests;
				PRODUCT_NAME = "$(TARGET_NAME)";
				SWIFT_VERSION = 5.0;
				TARGETED_DEVICE_FAMILY = "1,2";
				TEST_HOST = "$(BUILT_PRODUCTS_DIR)/SameGame.app/SameGame";
			};
			name = Release;
		};
		5D9AF3662507CDC500EEB647 /* Debug */ = {
			isa = XCBuildConfiguration;
			buildSettings = {
				ALWAYS_EMBED_SWIFT_STANDARD_LIBRARIES = YES;
				CODE_SIGN_STYLE = Automatic;
				DEVELOPMENT_TEAM = F2M6W4UD5G;
				INFOPLIST_FILE = SameGameUITests/Info.plist;
				LD_RUNPATH_SEARCH_PATHS = (
					"$(inherited)",
					"@executable_path/Frameworks",
					"@loader_path/Frameworks",
				);
				PRODUCT_BUNDLE_IDENTIFIER = com.joelburton.SameGameUITests;
				PRODUCT_NAME = "$(TARGET_NAME)";
				SWIFT_VERSION = 5.0;
				TARGETED_DEVICE_FAMILY = "1,2";
				TEST_TARGET_NAME = SameGame;
			};
			name = Debug;
		};
		5D9AF3672507CDC500EEB647 /* Release */ = {
			isa = XCBuildConfiguration;
			buildSettings = {
				ALWAYS_EMBED_SWIFT_STANDARD_LIBRARIES = YES;
				CODE_SIGN_STYLE = Automatic;
				DEVELOPMENT_TEAM = F2M6W4UD5G;
				INFOPLIST_FILE = SameGameUITests/Info.plist;
				LD_RUNPATH_SEARCH_PATHS = (
					"$(inherited)",
					"@executable_path/Frameworks",
					"@loader_path/Frameworks",
				);
				PRODUCT_BUNDLE_IDENTIFIER = com.joelburton.SameGameUITests;
				PRODUCT_NAME = "$(TARGET_NAME)";
				SWIFT_VERSION = 5.0;
				TARGETED_DEVICE_FAMILY = "1,2";
				TEST_TARGET_NAME = SameGame;
			};
			name = Release;
		};
/* End XCBuildConfiguration section */

/* Begin XCConfigurationList section */
		5D9AF32C2507CDC500EEB647 /* Build configuration list for PBXProject "SameGame" */ = {
			isa = XCConfigurationList;
			buildConfigurations = (
				5D9AF35D2507CDC500EEB647 /* Debug */,
				5D9AF35E2507CDC500EEB647 /* Release */,
			);
			defaultConfigurationIsVisible = 0;
			defaultConfigurationName = Release;
		};
		5D9AF35F2507CDC500EEB647 /* Build configuration list for PBXNativeTarget "SameGame" */ = {
			isa = XCConfigurationList;
			buildConfigurations = (
				5D9AF3602507CDC500EEB647 /* Debug */,
				5D9AF3612507CDC500EEB647 /* Release */,
			);
			defaultConfigurationIsVisible = 0;
			defaultConfigurationName = Release;
		};
		5D9AF3622507CDC500EEB647 /* Build configuration list for PBXNativeTarget "SameGameTests" */ = {
			isa = XCConfigurationList;
			buildConfigurations = (
				5D9AF3632507CDC500EEB647 /* Debug */,
				5D9AF3642507CDC500EEB647 /* Release */,
			);
			defaultConfigurationIsVisible = 0;
			defaultConfigurationName = Release;
		};
		5D9AF3652507CDC500EEB647 /* Build configuration list for PBXNativeTarget "SameGameUITests" */ = {
			isa = XCConfigurationList;
			buildConfigurations = (
				5D9AF3662507CDC500EEB647 /* Debug */,
				5D9AF3672507CDC500EEB647 /* Release */,
			);
			defaultConfigurationIsVisible = 0;
			defaultConfigurationName = Release;
		};
/* End XCConfigurationList section */
	};
	rootObject = 5D9AF3292507CDC500EEB647 /* Project object */;
}
